// !$*UTF8*$!
{
	archiveVersion = 1;
	classes = {
	};
	objectVersion = 46;
	objects = {

/* Begin PBXBuildFile section */
<<<<<<< HEAD
		B333239F1955FB4E00844CF2 /* Main.swift in Sources */ = {isa = PBXBuildFile; fileRef = B333239E1955FB4E00844CF2 /* Main.swift */; };
		B33323A11955FB6200844CF2 /* Int+SwubyTests.swift in Sources */ = {isa = PBXBuildFile; fileRef = B33323A01955FB6200844CF2 /* Int+SwubyTests.swift */; };
		B33323A31955FB6E00844CF2 /* Array+SwubyTests.swift in Sources */ = {isa = PBXBuildFile; fileRef = B33323A21955FB6E00844CF2 /* Array+SwubyTests.swift */; };
		B33323A51955FDE000844CF2 /* main.c in Sources */ = {isa = PBXBuildFile; fileRef = B33323A41955FDE000844CF2 /* main.c */; };
		B344B044195419D5001FB9A1 /* UIKit.framework in Frameworks */ = {isa = PBXBuildFile; fileRef = B344B043195419D5001FB9A1 /* UIKit.framework */; };
		B344B046195419D5001FB9A1 /* Foundation.framework in Frameworks */ = {isa = PBXBuildFile; fileRef = B344B045195419D5001FB9A1 /* Foundation.framework */; };
		B344B048195419D5001FB9A1 /* CoreGraphics.framework in Frameworks */ = {isa = PBXBuildFile; fileRef = B344B047195419D5001FB9A1 /* CoreGraphics.framework */; };
=======
		B344B044195419D5001FB9A1 /* UIKit.framework in Frameworks */ = {isa = PBXBuildFile; fileRef = B344B043195419D5001FB9A1 /* UIKit.framework */; };
		B344B046195419D5001FB9A1 /* Foundation.framework in Frameworks */ = {isa = PBXBuildFile; fileRef = B344B045195419D5001FB9A1 /* Foundation.framework */; };
		B344B048195419D5001FB9A1 /* CoreGraphics.framework in Frameworks */ = {isa = PBXBuildFile; fileRef = B344B047195419D5001FB9A1 /* CoreGraphics.framework */; };
		B344B04C195419D5001FB9A1 /* main.m in Sources */ = {isa = PBXBuildFile; fileRef = B344B04B195419D5001FB9A1 /* main.m */; };
>>>>>>> 2d22586ed7b1f2c27c372d0ffdcc745f8cf74d23
		B344B055195419D5001FB9A1 /* Default.png in Resources */ = {isa = PBXBuildFile; fileRef = B344B054195419D5001FB9A1 /* Default.png */; };
		B344B057195419D5001FB9A1 /* Default@2x.png in Resources */ = {isa = PBXBuildFile; fileRef = B344B056195419D5001FB9A1 /* Default@2x.png */; };
		B344B059195419D5001FB9A1 /* Default-568h@2x.png in Resources */ = {isa = PBXBuildFile; fileRef = B344B058195419D5001FB9A1 /* Default-568h@2x.png */; };
		B344B05E195419D5001FB9A1 /* Images.xcassets in Resources */ = {isa = PBXBuildFile; fileRef = B344B05D195419D5001FB9A1 /* Images.xcassets */; };
<<<<<<< HEAD
		B344B06A195419D5001FB9A1 /* String+SwubyTests.swift in Sources */ = {isa = PBXBuildFile; fileRef = B344B069195419D5001FB9A1 /* String+SwubyTests.swift */; };
		B344B07419541A3E001FB9A1 /* Array+Swuby.swift in Sources */ = {isa = PBXBuildFile; fileRef = B344B07319541A3E001FB9A1 /* Array+Swuby.swift */; };
		B344B07619542140001FB9A1 /* Int+Swuby.swift in Sources */ = {isa = PBXBuildFile; fileRef = B344B07519542140001FB9A1 /* Int+Swuby.swift */; };
		B344B07819542205001FB9A1 /* Regex.swift in Sources */ = {isa = PBXBuildFile; fileRef = B344B07719542205001FB9A1 /* Regex.swift */; };
		B37696CB195522BF00D49BEB /* String+Swuby.swift in Sources */ = {isa = PBXBuildFile; fileRef = B37696CA195522BF00D49BEB /* String+Swuby.swift */; };
=======
		B344B06A195419D5001FB9A1 /* SwubyTests.swift in Sources */ = {isa = PBXBuildFile; fileRef = B344B069195419D5001FB9A1 /* SwubyTests.swift */; };
		B344B07419541A3E001FB9A1 /* Array+Swuby.swift in Sources */ = {isa = PBXBuildFile; fileRef = B344B07319541A3E001FB9A1 /* Array+Swuby.swift */; };
>>>>>>> 2d22586ed7b1f2c27c372d0ffdcc745f8cf74d23
/* End PBXBuildFile section */

/* Begin PBXContainerItemProxy section */
		B344B064195419D5001FB9A1 /* PBXContainerItemProxy */ = {
			isa = PBXContainerItemProxy;
			containerPortal = B344B038195419D5001FB9A1 /* Project object */;
			proxyType = 1;
			remoteGlobalIDString = B344B03F195419D5001FB9A1;
			remoteInfo = Swuby;
		};
/* End PBXContainerItemProxy section */

/* Begin PBXFileReference section */
<<<<<<< HEAD
		B333239E1955FB4E00844CF2 /* Main.swift */ = {isa = PBXFileReference; fileEncoding = 4; lastKnownFileType = sourcecode.swift; path = Main.swift; sourceTree = "<group>"; };
		B33323A01955FB6200844CF2 /* Int+SwubyTests.swift */ = {isa = PBXFileReference; fileEncoding = 4; lastKnownFileType = sourcecode.swift; path = "Int+SwubyTests.swift"; sourceTree = "<group>"; };
		B33323A21955FB6E00844CF2 /* Array+SwubyTests.swift */ = {isa = PBXFileReference; fileEncoding = 4; lastKnownFileType = sourcecode.swift; path = "Array+SwubyTests.swift"; sourceTree = "<group>"; };
		B33323A41955FDE000844CF2 /* main.c */ = {isa = PBXFileReference; fileEncoding = 4; lastKnownFileType = sourcecode.c.c; path = main.c; sourceTree = "<group>"; };
=======
>>>>>>> 2d22586ed7b1f2c27c372d0ffdcc745f8cf74d23
		B344B040195419D5001FB9A1 /* Swuby.app */ = {isa = PBXFileReference; explicitFileType = wrapper.application; includeInIndex = 0; path = Swuby.app; sourceTree = BUILT_PRODUCTS_DIR; };
		B344B043195419D5001FB9A1 /* UIKit.framework */ = {isa = PBXFileReference; lastKnownFileType = wrapper.framework; name = UIKit.framework; path = System/Library/Frameworks/UIKit.framework; sourceTree = SDKROOT; };
		B344B045195419D5001FB9A1 /* Foundation.framework */ = {isa = PBXFileReference; lastKnownFileType = wrapper.framework; name = Foundation.framework; path = System/Library/Frameworks/Foundation.framework; sourceTree = SDKROOT; };
		B344B047195419D5001FB9A1 /* CoreGraphics.framework */ = {isa = PBXFileReference; lastKnownFileType = wrapper.framework; name = CoreGraphics.framework; path = System/Library/Frameworks/CoreGraphics.framework; sourceTree = SDKROOT; };
<<<<<<< HEAD
=======
		B344B04B195419D5001FB9A1 /* main.m */ = {isa = PBXFileReference; lastKnownFileType = sourcecode.c.objc; path = main.m; sourceTree = "<group>"; };
>>>>>>> 2d22586ed7b1f2c27c372d0ffdcc745f8cf74d23
		B344B054195419D5001FB9A1 /* Default.png */ = {isa = PBXFileReference; lastKnownFileType = image.png; path = Default.png; sourceTree = "<group>"; };
		B344B056195419D5001FB9A1 /* Default@2x.png */ = {isa = PBXFileReference; lastKnownFileType = image.png; path = "Default@2x.png"; sourceTree = "<group>"; };
		B344B058195419D5001FB9A1 /* Default-568h@2x.png */ = {isa = PBXFileReference; lastKnownFileType = image.png; path = "Default-568h@2x.png"; sourceTree = "<group>"; };
		B344B05A195419D5001FB9A1 /* Info.plist */ = {isa = PBXFileReference; lastKnownFileType = text.plist.xml; path = Info.plist; sourceTree = "<group>"; };
		B344B05D195419D5001FB9A1 /* Images.xcassets */ = {isa = PBXFileReference; lastKnownFileType = folder.assetcatalog; path = Images.xcassets; sourceTree = "<group>"; };
		B344B063195419D5001FB9A1 /* SwubyTests.xctest */ = {isa = PBXFileReference; explicitFileType = wrapper.cfbundle; includeInIndex = 0; path = SwubyTests.xctest; sourceTree = BUILT_PRODUCTS_DIR; };
		B344B068195419D5001FB9A1 /* Info.plist */ = {isa = PBXFileReference; lastKnownFileType = text.plist.xml; path = Info.plist; sourceTree = "<group>"; };
<<<<<<< HEAD
		B344B069195419D5001FB9A1 /* String+SwubyTests.swift */ = {isa = PBXFileReference; lastKnownFileType = sourcecode.swift; path = "String+SwubyTests.swift"; sourceTree = "<group>"; };
		B344B07319541A3E001FB9A1 /* Array+Swuby.swift */ = {isa = PBXFileReference; fileEncoding = 4; lastKnownFileType = sourcecode.swift; path = "Array+Swuby.swift"; sourceTree = "<group>"; };
		B344B07519542140001FB9A1 /* Int+Swuby.swift */ = {isa = PBXFileReference; fileEncoding = 4; lastKnownFileType = sourcecode.swift; name = "Int+Swuby.swift"; path = "../Int+Swuby.swift"; sourceTree = "<group>"; };
		B344B07719542205001FB9A1 /* Regex.swift */ = {isa = PBXFileReference; fileEncoding = 4; lastKnownFileType = sourcecode.swift; path = Regex.swift; sourceTree = "<group>"; };
		B37696CA195522BF00D49BEB /* String+Swuby.swift */ = {isa = PBXFileReference; fileEncoding = 4; lastKnownFileType = sourcecode.swift; path = "String+Swuby.swift"; sourceTree = "<group>"; };
		B37696CC19552BF700D49BEB /* Swuby-Bridging-Header.h */ = {isa = PBXFileReference; lastKnownFileType = sourcecode.c.h; path = "Swuby-Bridging-Header.h"; sourceTree = "<group>"; };
=======
		B344B069195419D5001FB9A1 /* SwubyTests.swift */ = {isa = PBXFileReference; lastKnownFileType = sourcecode.swift; path = SwubyTests.swift; sourceTree = "<group>"; };
		B344B07319541A3E001FB9A1 /* Array+Swuby.swift */ = {isa = PBXFileReference; fileEncoding = 4; lastKnownFileType = sourcecode.swift; path = "Array+Swuby.swift"; sourceTree = "<group>"; };
>>>>>>> 2d22586ed7b1f2c27c372d0ffdcc745f8cf74d23
/* End PBXFileReference section */

/* Begin PBXFrameworksBuildPhase section */
		B344B03D195419D5001FB9A1 /* Frameworks */ = {
			isa = PBXFrameworksBuildPhase;
			buildActionMask = 2147483647;
			files = (
				B344B048195419D5001FB9A1 /* CoreGraphics.framework in Frameworks */,
				B344B044195419D5001FB9A1 /* UIKit.framework in Frameworks */,
				B344B046195419D5001FB9A1 /* Foundation.framework in Frameworks */,
			);
			runOnlyForDeploymentPostprocessing = 0;
		};
		B344B060195419D5001FB9A1 /* Frameworks */ = {
			isa = PBXFrameworksBuildPhase;
			buildActionMask = 2147483647;
			files = (
			);
			runOnlyForDeploymentPostprocessing = 0;
		};
/* End PBXFrameworksBuildPhase section */

/* Begin PBXGroup section */
		B344B037195419D5001FB9A1 = {
			isa = PBXGroup;
			children = (
				B344B049195419D5001FB9A1 /* Swuby */,
				B344B066195419D5001FB9A1 /* SwubyTests */,
				B344B042195419D5001FB9A1 /* Frameworks */,
				B344B041195419D5001FB9A1 /* Products */,
			);
			sourceTree = "<group>";
		};
		B344B041195419D5001FB9A1 /* Products */ = {
			isa = PBXGroup;
			children = (
				B344B040195419D5001FB9A1 /* Swuby.app */,
				B344B063195419D5001FB9A1 /* SwubyTests.xctest */,
			);
			name = Products;
			sourceTree = "<group>";
		};
		B344B042195419D5001FB9A1 /* Frameworks */ = {
			isa = PBXGroup;
			children = (
				B344B043195419D5001FB9A1 /* UIKit.framework */,
				B344B045195419D5001FB9A1 /* Foundation.framework */,
				B344B047195419D5001FB9A1 /* CoreGraphics.framework */,
			);
			name = Frameworks;
			sourceTree = "<group>";
		};
		B344B049195419D5001FB9A1 /* Swuby */ = {
			isa = PBXGroup;
			children = (
				B344B05D195419D5001FB9A1 /* Images.xcassets */,
				B344B04A195419D5001FB9A1 /* Supporting Files */,
				B344B07319541A3E001FB9A1 /* Array+Swuby.swift */,
<<<<<<< HEAD
				B344B07519542140001FB9A1 /* Int+Swuby.swift */,
				B344B07719542205001FB9A1 /* Regex.swift */,
				B37696CA195522BF00D49BEB /* String+Swuby.swift */,
				B333239E1955FB4E00844CF2 /* Main.swift */,
=======
>>>>>>> 2d22586ed7b1f2c27c372d0ffdcc745f8cf74d23
			);
			path = Swuby;
			sourceTree = "<group>";
		};
		B344B04A195419D5001FB9A1 /* Supporting Files */ = {
			isa = PBXGroup;
			children = (
<<<<<<< HEAD
				B344B054195419D5001FB9A1 /* Default.png */,
				B33323A41955FDE000844CF2 /* main.c */,
				B344B056195419D5001FB9A1 /* Default@2x.png */,
				B344B058195419D5001FB9A1 /* Default-568h@2x.png */,
				B344B05A195419D5001FB9A1 /* Info.plist */,
				B37696CC19552BF700D49BEB /* Swuby-Bridging-Header.h */,
=======
				B344B04B195419D5001FB9A1 /* main.m */,
				B344B054195419D5001FB9A1 /* Default.png */,
				B344B056195419D5001FB9A1 /* Default@2x.png */,
				B344B058195419D5001FB9A1 /* Default-568h@2x.png */,
				B344B05A195419D5001FB9A1 /* Info.plist */,
>>>>>>> 2d22586ed7b1f2c27c372d0ffdcc745f8cf74d23
			);
			name = "Supporting Files";
			sourceTree = "<group>";
		};
		B344B066195419D5001FB9A1 /* SwubyTests */ = {
			isa = PBXGroup;
			children = (
<<<<<<< HEAD
				B344B069195419D5001FB9A1 /* String+SwubyTests.swift */,
				B33323A01955FB6200844CF2 /* Int+SwubyTests.swift */,
				B33323A21955FB6E00844CF2 /* Array+SwubyTests.swift */,
=======
				B344B069195419D5001FB9A1 /* SwubyTests.swift */,
>>>>>>> 2d22586ed7b1f2c27c372d0ffdcc745f8cf74d23
				B344B067195419D5001FB9A1 /* Supporting Files */,
			);
			path = SwubyTests;
			sourceTree = "<group>";
		};
		B344B067195419D5001FB9A1 /* Supporting Files */ = {
			isa = PBXGroup;
			children = (
				B344B068195419D5001FB9A1 /* Info.plist */,
			);
			name = "Supporting Files";
			sourceTree = "<group>";
		};
/* End PBXGroup section */

/* Begin PBXNativeTarget section */
		B344B03F195419D5001FB9A1 /* Swuby */ = {
			isa = PBXNativeTarget;
			buildConfigurationList = B344B06D195419D5001FB9A1 /* Build configuration list for PBXNativeTarget "Swuby" */;
			buildPhases = (
				B344B03C195419D5001FB9A1 /* Sources */,
				B344B03D195419D5001FB9A1 /* Frameworks */,
				B344B03E195419D5001FB9A1 /* Resources */,
			);
			buildRules = (
			);
			dependencies = (
			);
			name = Swuby;
			productName = Swuby;
			productReference = B344B040195419D5001FB9A1 /* Swuby.app */;
			productType = "com.apple.product-type.application";
		};
		B344B062195419D5001FB9A1 /* SwubyTests */ = {
			isa = PBXNativeTarget;
			buildConfigurationList = B344B070195419D5001FB9A1 /* Build configuration list for PBXNativeTarget "SwubyTests" */;
			buildPhases = (
				B344B05F195419D5001FB9A1 /* Sources */,
				B344B060195419D5001FB9A1 /* Frameworks */,
				B344B061195419D5001FB9A1 /* Resources */,
			);
			buildRules = (
			);
			dependencies = (
				B344B065195419D5001FB9A1 /* PBXTargetDependency */,
			);
			name = SwubyTests;
			productName = SwubyTests;
			productReference = B344B063195419D5001FB9A1 /* SwubyTests.xctest */;
			productType = "com.apple.product-type.bundle.unit-test";
		};
/* End PBXNativeTarget section */

/* Begin PBXProject section */
		B344B038195419D5001FB9A1 /* Project object */ = {
			isa = PBXProject;
			attributes = {
				LastUpgradeCheck = 0600;
				ORGANIZATIONNAME = "Michael Eisel";
				TargetAttributes = {
					B344B03F195419D5001FB9A1 = {
						CreatedOnToolsVersion = 6.0;
					};
					B344B062195419D5001FB9A1 = {
						CreatedOnToolsVersion = 6.0;
						TestTargetID = B344B03F195419D5001FB9A1;
					};
				};
			};
			buildConfigurationList = B344B03B195419D5001FB9A1 /* Build configuration list for PBXProject "Swuby" */;
			compatibilityVersion = "Xcode 3.2";
			developmentRegion = English;
			hasScannedForEncodings = 0;
			knownRegions = (
				en,
			);
			mainGroup = B344B037195419D5001FB9A1;
			productRefGroup = B344B041195419D5001FB9A1 /* Products */;
			projectDirPath = "";
			projectRoot = "";
			targets = (
				B344B03F195419D5001FB9A1 /* Swuby */,
				B344B062195419D5001FB9A1 /* SwubyTests */,
			);
		};
/* End PBXProject section */

/* Begin PBXResourcesBuildPhase section */
		B344B03E195419D5001FB9A1 /* Resources */ = {
			isa = PBXResourcesBuildPhase;
			buildActionMask = 2147483647;
			files = (
				B344B057195419D5001FB9A1 /* Default@2x.png in Resources */,
				B344B055195419D5001FB9A1 /* Default.png in Resources */,
				B344B05E195419D5001FB9A1 /* Images.xcassets in Resources */,
				B344B059195419D5001FB9A1 /* Default-568h@2x.png in Resources */,
			);
			runOnlyForDeploymentPostprocessing = 0;
		};
		B344B061195419D5001FB9A1 /* Resources */ = {
			isa = PBXResourcesBuildPhase;
			buildActionMask = 2147483647;
			files = (
			);
			runOnlyForDeploymentPostprocessing = 0;
		};
/* End PBXResourcesBuildPhase section */

/* Begin PBXSourcesBuildPhase section */
		B344B03C195419D5001FB9A1 /* Sources */ = {
			isa = PBXSourcesBuildPhase;
			buildActionMask = 2147483647;
			files = (
<<<<<<< HEAD
				B333239F1955FB4E00844CF2 /* Main.swift in Sources */,
				B344B07419541A3E001FB9A1 /* Array+Swuby.swift in Sources */,
				B33323A51955FDE000844CF2 /* main.c in Sources */,
				B344B07819542205001FB9A1 /* Regex.swift in Sources */,
				B37696CB195522BF00D49BEB /* String+Swuby.swift in Sources */,
				B344B07619542140001FB9A1 /* Int+Swuby.swift in Sources */,
=======
				B344B07419541A3E001FB9A1 /* Array+Swuby.swift in Sources */,
				B344B04C195419D5001FB9A1 /* main.m in Sources */,
>>>>>>> 2d22586ed7b1f2c27c372d0ffdcc745f8cf74d23
			);
			runOnlyForDeploymentPostprocessing = 0;
		};
		B344B05F195419D5001FB9A1 /* Sources */ = {
			isa = PBXSourcesBuildPhase;
			buildActionMask = 2147483647;
			files = (
<<<<<<< HEAD
				B33323A11955FB6200844CF2 /* Int+SwubyTests.swift in Sources */,
				B344B06A195419D5001FB9A1 /* String+SwubyTests.swift in Sources */,
				B33323A31955FB6E00844CF2 /* Array+SwubyTests.swift in Sources */,
=======
				B344B06A195419D5001FB9A1 /* SwubyTests.swift in Sources */,
>>>>>>> 2d22586ed7b1f2c27c372d0ffdcc745f8cf74d23
			);
			runOnlyForDeploymentPostprocessing = 0;
		};
/* End PBXSourcesBuildPhase section */

/* Begin PBXTargetDependency section */
		B344B065195419D5001FB9A1 /* PBXTargetDependency */ = {
			isa = PBXTargetDependency;
			target = B344B03F195419D5001FB9A1 /* Swuby */;
			targetProxy = B344B064195419D5001FB9A1 /* PBXContainerItemProxy */;
		};
/* End PBXTargetDependency section */

/* Begin XCBuildConfiguration section */
		B344B06B195419D5001FB9A1 /* Debug */ = {
			isa = XCBuildConfiguration;
			buildSettings = {
				ALWAYS_SEARCH_USER_PATHS = NO;
				CLANG_CXX_LANGUAGE_STANDARD = "gnu++0x";
				CLANG_CXX_LIBRARY = "libc++";
				CLANG_ENABLE_MODULES = YES;
				CLANG_ENABLE_OBJC_ARC = YES;
				CLANG_WARN_BOOL_CONVERSION = YES;
				CLANG_WARN_CONSTANT_CONVERSION = YES;
				CLANG_WARN_DIRECT_OBJC_ISA_USAGE = YES_ERROR;
				CLANG_WARN_EMPTY_BODY = YES;
				CLANG_WARN_ENUM_CONVERSION = YES;
				CLANG_WARN_INT_CONVERSION = YES;
				CLANG_WARN_OBJC_ROOT_CLASS = YES_ERROR;
				CLANG_WARN_UNREACHABLE_CODE = YES;
				CLANG_WARN__DUPLICATE_METHOD_MATCH = YES;
				"CODE_SIGN_IDENTITY[sdk=iphoneos*]" = "iPhone Developer";
				COPY_PHASE_STRIP = NO;
				ENABLE_STRICT_OBJC_MSGSEND = YES;
				GCC_C_LANGUAGE_STANDARD = gnu99;
				GCC_DYNAMIC_NO_PIC = NO;
				GCC_OPTIMIZATION_LEVEL = 0;
				GCC_PREPROCESSOR_DEFINITIONS = (
					"DEBUG=1",
					"$(inherited)",
				);
				GCC_SYMBOLS_PRIVATE_EXTERN = NO;
				GCC_WARN_64_TO_32_BIT_CONVERSION = YES;
				GCC_WARN_ABOUT_RETURN_TYPE = YES_ERROR;
				GCC_WARN_UNDECLARED_SELECTOR = YES;
				GCC_WARN_UNINITIALIZED_AUTOS = YES_AGGRESSIVE;
				GCC_WARN_UNUSED_FUNCTION = YES;
				GCC_WARN_UNUSED_VARIABLE = YES;
				IPHONEOS_DEPLOYMENT_TARGET = 8.0;
				METAL_ENABLE_DEBUG_INFO = YES;
				ONLY_ACTIVE_ARCH = YES;
				SDKROOT = iphoneos;
				SWIFT_OPTIMIZATION_LEVEL = "-Onone";
			};
			name = Debug;
		};
		B344B06C195419D5001FB9A1 /* Release */ = {
			isa = XCBuildConfiguration;
			buildSettings = {
				ALWAYS_SEARCH_USER_PATHS = NO;
				CLANG_CXX_LANGUAGE_STANDARD = "gnu++0x";
				CLANG_CXX_LIBRARY = "libc++";
				CLANG_ENABLE_MODULES = YES;
				CLANG_ENABLE_OBJC_ARC = YES;
				CLANG_WARN_BOOL_CONVERSION = YES;
				CLANG_WARN_CONSTANT_CONVERSION = YES;
				CLANG_WARN_DIRECT_OBJC_ISA_USAGE = YES_ERROR;
				CLANG_WARN_EMPTY_BODY = YES;
				CLANG_WARN_ENUM_CONVERSION = YES;
				CLANG_WARN_INT_CONVERSION = YES;
				CLANG_WARN_OBJC_ROOT_CLASS = YES_ERROR;
				CLANG_WARN_UNREACHABLE_CODE = YES;
				CLANG_WARN__DUPLICATE_METHOD_MATCH = YES;
				"CODE_SIGN_IDENTITY[sdk=iphoneos*]" = "iPhone Developer";
				COPY_PHASE_STRIP = YES;
				ENABLE_NS_ASSERTIONS = NO;
				ENABLE_STRICT_OBJC_MSGSEND = YES;
				GCC_C_LANGUAGE_STANDARD = gnu99;
				GCC_WARN_64_TO_32_BIT_CONVERSION = YES;
				GCC_WARN_ABOUT_RETURN_TYPE = YES_ERROR;
				GCC_WARN_UNDECLARED_SELECTOR = YES;
				GCC_WARN_UNINITIALIZED_AUTOS = YES_AGGRESSIVE;
				GCC_WARN_UNUSED_FUNCTION = YES;
				GCC_WARN_UNUSED_VARIABLE = YES;
				IPHONEOS_DEPLOYMENT_TARGET = 8.0;
				METAL_ENABLE_DEBUG_INFO = NO;
				OTHER_CFLAGS = "-DNS_BLOCK_ASSERTIONS=1";
				SDKROOT = iphoneos;
				VALIDATE_PRODUCT = YES;
			};
			name = Release;
		};
		B344B06E195419D5001FB9A1 /* Debug */ = {
			isa = XCBuildConfiguration;
			buildSettings = {
				ASSETCATALOG_COMPILER_APPICON_NAME = AppIcon;
				ASSETCATALOG_COMPILER_LAUNCHIMAGE_NAME = LaunchImage;
				CLANG_ENABLE_MODULES = YES;
				INFOPLIST_FILE = Swuby/Info.plist;
				LD_RUNPATH_SEARCH_PATHS = "$(inherited) @executable_path/Frameworks";
				PRODUCT_NAME = "$(TARGET_NAME)";
<<<<<<< HEAD
				SWIFT_OBJC_BRIDGING_HEADER = "Swuby/Swuby-Bridging-Header.h";
=======
>>>>>>> 2d22586ed7b1f2c27c372d0ffdcc745f8cf74d23
				SWIFT_OPTIMIZATION_LEVEL = "-Onone";
			};
			name = Debug;
		};
		B344B06F195419D5001FB9A1 /* Release */ = {
			isa = XCBuildConfiguration;
			buildSettings = {
				ASSETCATALOG_COMPILER_APPICON_NAME = AppIcon;
				ASSETCATALOG_COMPILER_LAUNCHIMAGE_NAME = LaunchImage;
				CLANG_ENABLE_MODULES = YES;
				INFOPLIST_FILE = Swuby/Info.plist;
				LD_RUNPATH_SEARCH_PATHS = "$(inherited) @executable_path/Frameworks";
				PRODUCT_NAME = "$(TARGET_NAME)";
<<<<<<< HEAD
				SWIFT_OBJC_BRIDGING_HEADER = "Swuby/Swuby-Bridging-Header.h";
=======
>>>>>>> 2d22586ed7b1f2c27c372d0ffdcc745f8cf74d23
			};
			name = Release;
		};
		B344B071195419D5001FB9A1 /* Debug */ = {
			isa = XCBuildConfiguration;
			buildSettings = {
				BUNDLE_LOADER = "$(BUILT_PRODUCTS_DIR)/Swuby.app/Swuby";
				FRAMEWORK_SEARCH_PATHS = (
					"$(SDKROOT)/Developer/Library/Frameworks",
					"$(inherited)",
				);
				GCC_PREPROCESSOR_DEFINITIONS = (
					"DEBUG=1",
					"$(inherited)",
				);
				INFOPLIST_FILE = SwubyTests/Info.plist;
				LD_RUNPATH_SEARCH_PATHS = "$(inherited) @executable_path/Frameworks @loader_path/Frameworks";
				METAL_ENABLE_DEBUG_INFO = YES;
				PRODUCT_NAME = "$(TARGET_NAME)";
				TEST_HOST = "$(BUNDLE_LOADER)";
			};
			name = Debug;
		};
		B344B072195419D5001FB9A1 /* Release */ = {
			isa = XCBuildConfiguration;
			buildSettings = {
				BUNDLE_LOADER = "$(BUILT_PRODUCTS_DIR)/Swuby.app/Swuby";
				FRAMEWORK_SEARCH_PATHS = (
					"$(SDKROOT)/Developer/Library/Frameworks",
					"$(inherited)",
				);
				INFOPLIST_FILE = SwubyTests/Info.plist;
				LD_RUNPATH_SEARCH_PATHS = "$(inherited) @executable_path/Frameworks @loader_path/Frameworks";
				METAL_ENABLE_DEBUG_INFO = NO;
				PRODUCT_NAME = "$(TARGET_NAME)";
				TEST_HOST = "$(BUNDLE_LOADER)";
			};
			name = Release;
		};
/* End XCBuildConfiguration section */

/* Begin XCConfigurationList section */
		B344B03B195419D5001FB9A1 /* Build configuration list for PBXProject "Swuby" */ = {
			isa = XCConfigurationList;
			buildConfigurations = (
				B344B06B195419D5001FB9A1 /* Debug */,
				B344B06C195419D5001FB9A1 /* Release */,
			);
			defaultConfigurationIsVisible = 0;
			defaultConfigurationName = Release;
		};
		B344B06D195419D5001FB9A1 /* Build configuration list for PBXNativeTarget "Swuby" */ = {
			isa = XCConfigurationList;
			buildConfigurations = (
				B344B06E195419D5001FB9A1 /* Debug */,
				B344B06F195419D5001FB9A1 /* Release */,
			);
			defaultConfigurationIsVisible = 0;
<<<<<<< HEAD
			defaultConfigurationName = Release;
=======
>>>>>>> 2d22586ed7b1f2c27c372d0ffdcc745f8cf74d23
		};
		B344B070195419D5001FB9A1 /* Build configuration list for PBXNativeTarget "SwubyTests" */ = {
			isa = XCConfigurationList;
			buildConfigurations = (
				B344B071195419D5001FB9A1 /* Debug */,
				B344B072195419D5001FB9A1 /* Release */,
			);
			defaultConfigurationIsVisible = 0;
<<<<<<< HEAD
			defaultConfigurationName = Release;
=======
>>>>>>> 2d22586ed7b1f2c27c372d0ffdcc745f8cf74d23
		};
/* End XCConfigurationList section */
	};
	rootObject = B344B038195419D5001FB9A1 /* Project object */;
}
